
Microsoft Visual Studio Solution File, Format Version 12.00
# Visual Studio Version 16
VisualStudioVersion = 16.0.29905.134
MinimumVisualStudioVersion = 10.0.40219.1
Project("{FAE04EC0-301F-11D3-BF4B-00C04F79EFBC}") = "TestWebAPI", "TestWebAPI\TestWebAPI.csproj", "{1B880BF9-C5E8-4CC4-8AC4-F459B0DD9A5B}"
EndProject
Global
	GlobalSection(SolutionConfigurationPlatforms) = preSolution
		Debug|Any CPU = Debug|Any CPU
		Release|Any CPU = Release|Any CPU
	EndGlobalSection
	GlobalSection(ProjectConfigurationPlatforms) = postSolution
		{1B880BF9-C5E8-4CC4-8AC4-F459B0DD9A5B}.Debug|Any CPU.ActiveCfg = Debug|Any CPU
		{1B880BF9-C5E8-4CC4-8AC4-F459B0DD9A5B}.Debug|Any CPU.Build.0 = Debug|Any CPU
		{1B880BF9-C5E8-4CC4-8AC4-F459B0DD9A5B}.Release|Any CPU.ActiveCfg = Release|Any CPU
		{1B880BF9-C5E8-4CC4-8AC4-F459B0DD9A5B}.Release|Any CPU.Build.0 = Release|Any CPU
	EndGlobalSection
	GlobalSection(SolutionProperties) = preSolution
		HideSolutionNode = FALSE
	EndGlobalSection
	GlobalSection(ExtensibilityGlobals) = postSolution
		SolutionGuid = {1888A130-AA87-49AD-87D3-B4B67827F5F0}
	EndGlobalSection
EndGlobal
